PODS:
  - Flutter (1.0.0)
  - flutter_pdf_toolkit (0.0.1):
    - Flutter

DEPENDENCIES:
  - Flutter (from `Flutter`)
  - flutter_pdf_toolkit (from `.symlinks/plugins/flutter_pdf_toolkit/ios`)

EXTERNAL SOURCES:
  Flutter:
    :path: Flutter
  flutter_pdf_toolkit:
    :path: ".symlinks/plugins/flutter_pdf_toolkit/ios"

SPEC CHECKSUMS:
  Flutter: cabc95a1d2626b1b06e7179b784ebcf0c0cde467
  flutter_pdf_toolkit: 73ba78109e55cabb9682ec3a64ead72dedb6e466

PODFILE CHECKSUM: 3c63482e143d1b91d2d2560aee9fb04ecc74ac7e

COCOAPODS: 1.16.2
